// !$*UTF8*$!
{
	archiveVersion = 1;
	classes = {
	};
	objectVersion = 46;
	objects = {

/* Begin PBXBuildFile section */
		71AA2D8A1D8C7F2B00606B9C /* AppDelegate.swift in Sources */ = {isa = PBXBuildFile; fileRef = 71AA2D891D8C7F2B00606B9C /* AppDelegate.swift */; };
		71AA2D8C1D8C7F2B00606B9C /* ViewController.swift in Sources */ = {isa = PBXBuildFile; fileRef = 71AA2D8B1D8C7F2B00606B9C /* ViewController.swift */; };
		71AA2D8F1D8C7F2B00606B9C /* Main.storyboard in Resources */ = {isa = PBXBuildFile; fileRef = 71AA2D8D1D8C7F2B00606B9C /* Main.storyboard */; };
		71AA2D911D8C7F2B00606B9C /* Assets.xcassets in Resources */ = {isa = PBXBuildFile; fileRef = 71AA2D901D8C7F2B00606B9C /* Assets.xcassets */; };
		71AA2D941D8C7F2B00606B9C /* LaunchScreen.storyboard in Resources */ = {isa = PBXBuildFile; fileRef = 71AA2D921D8C7F2B00606B9C /* LaunchScreen.storyboard */; };
/* End PBXBuildFile section */

/* Begin PBXFileReference section */
		71AA2D861D8C7F2B00606B9C /* videoLocal.app */ = {isa = PBXFileReference; explicitFileType = wrapper.application; includeInIndex = 0; path = videoLocal.app; sourceTree = BUILT_PRODUCTS_DIR; };
		71AA2D891D8C7F2B00606B9C /* AppDelegate.swift */ = {isa = PBXFileReference; lastKnownFileType = sourcecode.swift; path = AppDelegate.swift; sourceTree = "<group>"; };
		71AA2D8B1D8C7F2B00606B9C /* ViewController.swift */ = {isa = PBXFileReference; lastKnownFileType = sourcecode.swift; path = ViewController.swift; sourceTree = "<group>"; };
		71AA2D8E1D8C7F2B00606B9C /* Base */ = {isa = PBXFileReference; lastKnownFileType = file.storyboard; name = Base; path = Base.lproj/Main.storyboard; sourceTree = "<group>"; };
		71AA2D901D8C7F2B00606B9C /* Assets.xcassets */ = {isa = PBXFileReference; lastKnownFileType = folder.assetcatalog; path = Assets.xcassets; sourceTree = "<group>"; };
		71AA2D931D8C7F2B00606B9C /* Base */ = {isa = PBXFileReference; lastKnownFileType = file.storyboard; name = Base; path = Base.lproj/LaunchScreen.storyboard; sourceTree = "<group>"; };
		71AA2D951D8C7F2B00606B9C /* Info.plist */ = {isa = PBXFileReference; lastKnownFileType = text.plist.xml; path = Info.plist; sourceTree = "<group>"; };
/* End PBXFileReference section */

/* Begin PBXFrameworksBuildPhase section */
		71AA2D831D8C7F2B00606B9C /* Frameworks */ = {
			isa = PBXFrameworksBuildPhase;
			buildActionMask = 2147483647;
			files = (
			);
			runOnlyForDeploymentPostprocessing = 0;
		};
/* End PBXFrameworksBuildPhase section */

/* Begin PBXGroup section */
		71AA2D7D1D8C7F2B00606B9C = {
			isa = PBXGroup;
			children = (
				71AA2D881D8C7F2B00606B9C /* videoLocal */,
				71AA2D871D8C7F2B00606B9C /* Products */,
			);
			sourceTree = "<group>";
		};
		71AA2D871D8C7F2B00606B9C /* Products */ = {
			isa = PBXGroup;
			children = (
				71AA2D861D8C7F2B00606B9C /* videoLocal.app */,
			);
			name = Products;
			sourceTree = "<group>";
		};
		71AA2D881D8C7F2B00606B9C /* videoLocal */ = {
			isa = PBXGroup;
			children = (
				71AA2D891D8C7F2B00606B9C /* AppDelegate.swift */,
				71AA2D8B1D8C7F2B00606B9C /* ViewController.swift */,
				71AA2D8D1D8C7F2B00606B9C /* Main.storyboard */,
				71AA2D901D8C7F2B00606B9C /* Assets.xcassets */,
				71AA2D921D8C7F2B00606B9C /* LaunchScreen.storyboard */,
				71AA2D951D8C7F2B00606B9C /* Info.plist */,
			);
			path = videoLocal;
			sourceTree = "<group>";
		};
/* End PBXGroup section */

/* Begin PBXNativeTarget section */
		71AA2D851D8C7F2B00606B9C /* videoLocal */ = {
			isa = PBXNativeTarget;
			buildConfigurationList = 71AA2D981D8C7F2B00606B9C /* Build configuration list for PBXNativeTarget "videoLocal" */;
			buildPhases = (
				71AA2D821D8C7F2B00606B9C /* Sources */,
				71AA2D831D8C7F2B00606B9C /* Frameworks */,
				71AA2D841D8C7F2B00606B9C /* Resources */,
			);
			buildRules = (
			);
			dependencies = (
			);
			name = videoLocal;
			productName = videoLocal;
			productReference = 71AA2D861D8C7F2B00606B9C /* videoLocal.app */;
			productType = "com.apple.product-type.application";
		};
/* End PBXNativeTarget section */

/* Begin PBXProject section */
		71AA2D7E1D8C7F2B00606B9C /* Project object */ = {
			isa = PBXProject;
			attributes = {
				LastSwiftUpdateCheck = 0730;
				LastUpgradeCheck = 0730;
				ORGANIZATIONNAME = Riva;
				TargetAttributes = {
					71AA2D851D8C7F2B00606B9C = {
						CreatedOnToolsVersion = 7.3.1;
					};
				};
			};
			buildConfigurationList = 71AA2D811D8C7F2B00606B9C /* Build configuration list for PBXProject "videoLocal" */;
			compatibilityVersion = "Xcode 3.2";
			developmentRegion = English;
			hasScannedForEncodings = 0;
			knownRegions = (
				en,
				Base,
			);
			mainGroup = 71AA2D7D1D8C7F2B00606B9C;
			productRefGroup = 71AA2D871D8C7F2B00606B9C /* Products */;
			projectDirPath = "";
			projectRoot = "";
			targets = (
				71AA2D851D8C7F2B00606B9C /* videoLocal */,
			);
		};
/* End PBXProject section */

/* Begin PBXResourcesBuildPhase section */
		71AA2D841D8C7F2B00606B9C /* Resources */ = {
			isa = PBXResourcesBuildPhase;
			buildActionMask = 2147483647;
			files = (
				71AA2D941D8C7F2B00606B9C /* LaunchScreen.storyboard in Resources */,
				71AA2D911D8C7F2B00606B9C /* Assets.xcassets in Resources */,
				71AA2D8F1D8C7F2B00606B9C /* Main.storyboard in Resources */,
			);
			runOnlyForDeploymentPostprocessing = 0;
		};
/* End PBXResourcesBuildPhase section */

/* Begin PBXSourcesBuildPhase section */
		71AA2D821D8C7F2B00606B9C /* Sources */ = {
			isa = PBXSourcesBuildPhase;
			buildActionMask = 2147483647;
			files = (
				71AA2D8C1D8C7F2B00606B9C /* ViewController.swift in Sources */,
				71AA2D8A1D8C7F2B00606B9C /* AppDelegate.swift in Sources */,
			);
			runOnlyForDeploymentPostprocessing = 0;
		};
/* End PBXSourcesBuildPhase section */

/* Begin PBXVariantGroup section */
		71AA2D8D1D8C7F2B00606B9C /* Main.storyboard */ = {
			isa = PBXVariantGroup;
			children = (
				71AA2D8E1D8C7F2B00606B9C /* Base */,
			);
			name = Main.storyboard;
			sourceTree = "<group>";
		};
		71AA2D921D8C7F2B00606B9C /* LaunchScreen.storyboard */ = {
			isa = PBXVariantGroup;
			children = (
				71AA2D931D8C7F2B00606B9C /* Base */,
			);
			name = LaunchScreen.storyboard;
			sourceTree = "<group>";
		};
/* End PBXVariantGroup section */

/* Begin XCBuildConfiguration section */
		71AA2D961D8C7F2B00606B9C /* Debug */ = {
			isa = XCBuildConfiguration;
			buildSettings = {
				ALWAYS_SEARCH_USER_PATHS = NO;
				CLANG_ANALYZER_NONNULL = YES;
				CLANG_CXX_LANGUAGE_STANDARD = "gnu++0x";
				CLANG_CXX_LIBRARY = "libc++";
				CLANG_ENABLE_MODULES = YES;
				CLANG_ENABLE_OBJC_ARC = YES;
				CLANG_WARN_BOOL_CONVERSION = YES;
				CLANG_WARN_CONSTANT_CONVERSION = YES;
				CLANG_WARN_DIRECT_OBJC_ISA_USAGE = YES_ERROR;
				CLANG_WARN_EMPTY_BODY = YES;
				CLANG_WARN_ENUM_CONVERSION = YES;
				CLANG_WARN_INT_CONVERSION = YES;
				CLANG_WARN_OBJC_ROOT_CLASS = YES_ERROR;
				CLANG_WARN_UNREACHABLE_CODE = YES;
				CLANG_WARN__DUPLICATE_METHOD_MATCH = YES;
				"CODE_SIGN_IDENTITY[sdk=iphoneos*]" = "iPhone Developer";
				COPY_PHASE_STRIP = NO;
				DEBUG_INFORMATION_FORMAT = dwarf;
				ENABLE_STRICT_OBJC_MSGSEND = YES;
				ENABLE_TESTABILITY = YES;
				GCC_C_LANGUAGE_STANDARD = gnu99;
				GCC_DYNAMIC_NO_PIC = NO;
				GCC_NO_COMMON_BLOCKS = YES;
				GCC_OPTIMIZATION_LEVEL = 0;
				GCC_PREPROCESSOR_DEFINITIONS = (
					"DEBUG=1",
					"$(inherited)",
				);
				GCC_WARN_64_TO_32_BIT_CONVERSION = YES;
				GCC_WARN_ABOUT_RETURN_TYPE = YES_ERROR;
				GCC_WARN_UNDECLARED_SELECTOR = YES;
				GCC_WARN_UNINITIALIZED_AUTOS = YES_AGGRESSIVE;
				GCC_WARN_UNUSED_FUNCTION = YES;
				GCC_WARN_UNUSED_VARIABLE = YES;
				IPHONEOS_DEPLOYMENT_TARGET = 9.3;
				MTL_ENABLE_DEBUG_INFO = YES;
				ONLY_ACTIVE_ARCH = YES;
				SDKROOT = iphoneos;
				SWIFT_OPTIMIZATION_LEVEL = "-Onone";
			};
			name = Debug;
		};
		71AA2D971D8C7F2B00606B9C /* Release */ = {
			isa = XCBuildConfiguration;
			buildSettings = {
				ALWAYS_SEARCH_USER_PATHS = NO;
				CLANG_ANALYZER_NONNULL = YES;
				CLANG_CXX_LANGUAGE_STANDARD = "gnu++0x";
				CLANG_CXX_LIBRARY = "libc++";
				CLANG_ENABLE_MODULES = YES;
				CLANG_ENABLE_OBJC_ARC = YES;
				CLANG_WARN_BOOL_CONVERSION = YES;
				CLANG_WARN_CONSTANT_CONVERSION = YES;
				CLANG_WARN_DIRECT_OBJC_ISA_USAGE = YES_ERROR;
				CLANG_WARN_EMPTY_BODY = YES;
				CLANG_WARN_ENUM_CONVERSION = YES;
				CLANG_WARN_INT_CONVERSION = YES;
				CLANG_WARN_OBJC_ROOT_CLASS = YES_ERROR;
				CLANG_WARN_UNREACHABLE_CODE = YES;
				CLANG_WARN__DUPLICATE_METHOD_MATCH = YES;
				"CODE_SIGN_IDENTITY[sdk=iphoneos*]" = "iPhone Developer";
				COPY_PHASE_STRIP = NO;
				DEBUG_INFORMATION_FORMAT = "dwarf-with-dsym";
				ENABLE_NS_ASSERTIONS = NO;
				ENABLE_STRICT_OBJC_MSGSEND = YES;
				GCC_C_LANGUAGE_STANDARD = gnu99;
				GCC_NO_COMMON_BLOCKS = YES;
				GCC_WARN_64_TO_32_BIT_CONVERSION = YES;
				GCC_WARN_ABOUT_RETURN_TYPE = YES_ERROR;
				GCC_WARN_UNDECLARED_SELECTOR = YES;
				GCC_WARN_UNINITIALIZED_AUTOS = YES_AGGRESSIVE;
				GCC_WARN_UNUSED_FUNCTION = YES;
				GCC_WARN_UNUSED_VARIABLE = YES;
				IPHONEOS_DEPLOYMENT_TARGET = 9.3;
				MTL_ENABLE_DEBUG_INFO = NO;
				SDKROOT = iphoneos;
				VALIDATE_PRODUCT = YES;
			};
			name = Release;
		};
		71AA2D991D8C7F2B00606B9C /* Debug */ = {
			isa = XCBuildConfiguration;
			buildSettings = {
				ASSETCATALOG_COMPILER_APPICON_NAME = AppIcon;
				INFOPLIST_FILE = videoLocal/Info.plist;
				LD_RUNPATH_SEARCH_PATHS = "$(inherited) @executable_path/Frameworks";
				PRODUCT_BUNDLE_IDENTIFIER = com.codeschool.videoLocal;
				PRODUCT_NAME = "$(TARGET_NAME)";
			};
			name = Debug;
		};
		71AA2D9A1D8C7F2B00606B9C /* Release */ = {
			isa = XCBuildConfiguration;
			buildSettings = {
				ASSETCATALOG_COMPILER_APPICON_NAME = AppIcon;
				INFOPLIST_FILE = videoLocal/Info.plist;
				LD_RUNPATH_SEARCH_PATHS = "$(inherited) @executable_path/Frameworks";
				PRODUCT_BUNDLE_IDENTIFIER = com.codeschool.videoLocal;
				PRODUCT_NAME = "$(TARGET_NAME)";
			};
			name = Release;
		};
/* End XCBuildConfiguration section */

/* Begin XCConfigurationList section */
		71AA2D811D8C7F2B00606B9C /* Build configuration list for PBXProject "videoLocal" */ = {
			isa = XCConfigurationList;
			buildConfigurations = (
				71AA2D961D8C7F2B00606B9C /* Debug */,
				71AA2D971D8C7F2B00606B9C /* Release */,
			);
			defaultConfigurationIsVisible = 0;
			defaultConfigurationName = Release;
		};
		71AA2D981D8C7F2B00606B9C /* Build configuration list for PBXNativeTarget "videoLocal" */ = {
			isa = XCConfigurationList;
			buildConfigurations = (
				71AA2D991D8C7F2B00606B9C /* Debug */,
				71AA2D9A1D8C7F2B00606B9C /* Release */,
			);
			defaultConfigurationIsVisible = 0;
		};
/* End XCConfigurationList section */
	};
	rootObject = 71AA2D7E1D8C7F2B00606B9C /* Project object */;
}
